
Microsoft Visual Studio Solution File, Format Version 12.00
# Visual Studio Version 17
VisualStudioVersion = 17.1.32421.90
MinimumVisualStudioVersion = 10.0.40219.1
Project("{9A19103F-16F7-4668-BE54-9A1E7A4F7556}") = "MinhaApiCore", "MinhaApiCore.csproj", "{AB0DE76C-605A-4217-9941-4E53A8EBDF4C}"
EndProject
Global
	GlobalSection(SolutionConfigurationPlatforms) = preSolution
		Debug|Any CPU = Debug|Any CPU
		Release|Any CPU = Release|Any CPU
	EndGlobalSection
	GlobalSection(ProjectConfigurationPlatforms) = postSolution
		{AB0DE76C-605A-4217-9941-4E53A8EBDF4C}.Debug|Any CPU.ActiveCfg = Debug|Any CPU
		{AB0DE76C-605A-4217-9941-4E53A8EBDF4C}.Debug|Any CPU.Build.0 = Debug|Any CPU
		{AB0DE76C-605A-4217-9941-4E53A8EBDF4C}.Release|Any CPU.ActiveCfg = Release|Any CPU
		{AB0DE76C-605A-4217-9941-4E53A8EBDF4C}.Release|Any CPU.Build.0 = Release|Any CPU
	EndGlobalSection
	GlobalSection(SolutionProperties) = preSolution
		HideSolutionNode = FALSE
	EndGlobalSection
	GlobalSection(ExtensibilityGlobals) = postSolution
		SolutionGuid = {B7F2421B-53F3-4F48-9952-DC5C158EF132}
	EndGlobalSection
EndGlobal
